
Microsoft Visual Studio Solution File, Format Version 11.00
# Visual Studio 2010
Project("{FAE04EC0-301F-11D3-BF4B-00C04F79EFBC}") = "WindowsGame1", "WindowsGame1\WindowsGame1\WindowsGame1.csproj", "{DAC44762-5FDC-4FEB-B462-E37D1AB8DA2A}"
EndProject
Project("{96E2B04D-8817-42C6-938A-82C39BA4D311}") = "WindowsGame1Content", "WindowsGame1\WindowsGame1Content\WindowsGame1Content.contentproj", "{BABCEF10-AB5F-4ED7-A62A-77EEF695D036}"
EndProject
Global
	GlobalSection(SolutionConfigurationPlatforms) = preSolution
		Debug|x86 = Debug|x86
		Release|x86 = Release|x86
	EndGlobalSection
	GlobalSection(ProjectConfigurationPlatforms) = postSolution
		{DAC44762-5FDC-4FEB-B462-E37D1AB8DA2A}.Debug|x86.ActiveCfg = Debug|x86
		{DAC44762-5FDC-4FEB-B462-E37D1AB8DA2A}.Debug|x86.Build.0 = Debug|x86
		{DAC44762-5FDC-4FEB-B462-E37D1AB8DA2A}.Release|x86.ActiveCfg = Release|x86
		{DAC44762-5FDC-4FEB-B462-E37D1AB8DA2A}.Release|x86.Build.0 = Release|x86
		{BABCEF10-AB5F-4ED7-A62A-77EEF695D036}.Debug|x86.ActiveCfg = Debug|x86
		{BABCEF10-AB5F-4ED7-A62A-77EEF695D036}.Release|x86.ActiveCfg = Release|x86
	EndGlobalSection
	GlobalSection(SolutionProperties) = preSolution
		HideSolutionNode = FALSE
	EndGlobalSection
EndGlobal
